
Microsoft Visual Studio Solution File, Format Version 12.00
# Visual Studio Version 17
VisualStudioVersion = 17.11.35327.3
MinimumVisualStudioVersion = 10.0.40219.1
Project("{FAE04EC0-301F-11D3-BF4B-00C04F79EFBC}") = "GifMakerApp", "GifMakerApp\GifMakerApp.csproj", "{206CD76F-349C-4329-9B98-33AB8FBF0FB1}"
EndProject
Global
	GlobalSection(SolutionConfigurationPlatforms) = preSolution
		Debug|Any CPU = Debug|Any CPU
		Debug|x64 = Debug|x64
		Deploy|Any CPU = Deploy|Any CPU
		Deploy|x64 = Deploy|x64
		Release|Any CPU = Release|Any CPU
		Release|x64 = Release|x64
	EndGlobalSection
	GlobalSection(ProjectConfigurationPlatforms) = postSolution
		{206CD76F-349C-4329-9B98-33AB8FBF0FB1}.Debug|Any CPU.ActiveCfg = Debug|Any CPU
		{206CD76F-349C-4329-9B98-33AB8FBF0FB1}.Debug|Any CPU.Build.0 = Debug|Any CPU
		{206CD76F-349C-4329-9B98-33AB8FBF0FB1}.Debug|x64.ActiveCfg = Debug|x64
		{206CD76F-349C-4329-9B98-33AB8FBF0FB1}.Debug|x64.Build.0 = Debug|x64
		{206CD76F-349C-4329-9B98-33AB8FBF0FB1}.Deploy|Any CPU.ActiveCfg = Deploy|Any CPU
		{206CD76F-349C-4329-9B98-33AB8FBF0FB1}.Deploy|Any CPU.Build.0 = Deploy|Any CPU
		{206CD76F-349C-4329-9B98-33AB8FBF0FB1}.Deploy|x64.ActiveCfg = Deploy|x64
		{206CD76F-349C-4329-9B98-33AB8FBF0FB1}.Deploy|x64.Build.0 = Deploy|x64
		{206CD76F-349C-4329-9B98-33AB8FBF0FB1}.Release|Any CPU.ActiveCfg = Release|Any CPU
		{206CD76F-349C-4329-9B98-33AB8FBF0FB1}.Release|Any CPU.Build.0 = Release|Any CPU
		{206CD76F-349C-4329-9B98-33AB8FBF0FB1}.Release|x64.ActiveCfg = Release|x64
		{206CD76F-349C-4329-9B98-33AB8FBF0FB1}.Release|x64.Build.0 = Release|x64
	EndGlobalSection
	GlobalSection(SolutionProperties) = preSolution
		HideSolutionNode = FALSE
	EndGlobalSection
	GlobalSection(ExtensibilityGlobals) = postSolution
		SolutionGuid = {610F16F9-C506-43DA-B1B7-BD8BF7279364}
	EndGlobalSection
EndGlobal
